
Microsoft Visual Studio Solution File, Format Version 12.00
# Visual Studio Version 17
VisualStudioVersion = 17.2.32616.157
MinimumVisualStudioVersion = 10.0.40219.1
Project("{FAE04EC0-301F-11D3-BF4B-00C04F79EFBC}") = "DataAccess", "DataAccess\DataAccess.csproj", "{C41DC916-3BE8-4B14-A041-78D9F4962865}"
EndProject
Project("{FAE04EC0-301F-11D3-BF4B-00C04F79EFBC}") = "BusinessObject", "BusinessObject\BusinessObject.csproj", "{1551C35F-5A7E-4D75-8BB8-6CED933DB640}"
EndProject
Project("{FAE04EC0-301F-11D3-BF4B-00C04F79EFBC}") = "eStore", "eStore\eStore.csproj", "{3B9F116D-23FA-49B8-9402-261E5BCF1F09}"
EndProject
Global
	GlobalSection(SolutionConfigurationPlatforms) = preSolution
		Debug|Any CPU = Debug|Any CPU
		Release|Any CPU = Release|Any CPU
	EndGlobalSection
	GlobalSection(ProjectConfigurationPlatforms) = postSolution
		{C41DC916-3BE8-4B14-A041-78D9F4962865}.Debug|Any CPU.ActiveCfg = Debug|Any CPU
		{C41DC916-3BE8-4B14-A041-78D9F4962865}.Debug|Any CPU.Build.0 = Debug|Any CPU
		{C41DC916-3BE8-4B14-A041-78D9F4962865}.Release|Any CPU.ActiveCfg = Release|Any CPU
		{C41DC916-3BE8-4B14-A041-78D9F4962865}.Release|Any CPU.Build.0 = Release|Any CPU
		{1551C35F-5A7E-4D75-8BB8-6CED933DB640}.Debug|Any CPU.ActiveCfg = Debug|Any CPU
		{1551C35F-5A7E-4D75-8BB8-6CED933DB640}.Debug|Any CPU.Build.0 = Debug|Any CPU
		{1551C35F-5A7E-4D75-8BB8-6CED933DB640}.Release|Any CPU.ActiveCfg = Release|Any CPU
		{1551C35F-5A7E-4D75-8BB8-6CED933DB640}.Release|Any CPU.Build.0 = Release|Any CPU
		{3B9F116D-23FA-49B8-9402-261E5BCF1F09}.Debug|Any CPU.ActiveCfg = Debug|Any CPU
		{3B9F116D-23FA-49B8-9402-261E5BCF1F09}.Debug|Any CPU.Build.0 = Debug|Any CPU
		{3B9F116D-23FA-49B8-9402-261E5BCF1F09}.Release|Any CPU.ActiveCfg = Release|Any CPU
		{3B9F116D-23FA-49B8-9402-261E5BCF1F09}.Release|Any CPU.Build.0 = Release|Any CPU
	EndGlobalSection
	GlobalSection(SolutionProperties) = preSolution
		HideSolutionNode = FALSE
	EndGlobalSection
	GlobalSection(ExtensibilityGlobals) = postSolution
		SolutionGuid = {631BABE6-832D-46B0-AD39-57B95A7E6444}
	EndGlobalSection
EndGlobal
